
Microsoft Visual Studio Solution File, Format Version 12.00
# Visual Studio 15
VisualStudioVersion = 15.0.28010.2019
MinimumVisualStudioVersion = 10.0.40219.1
Project("{FAE04EC0-301F-11D3-BF4B-00C04F79EFBC}") = "CrudRiosoft", "CrudRiosoft\CrudRiosoft.csproj", "{F680294D-969F-4C5B-AE5B-209010E52887}"
EndProject
Global
	GlobalSection(SolutionConfigurationPlatforms) = preSolution
		Debug|Any CPU = Debug|Any CPU
		Release|Any CPU = Release|Any CPU
	EndGlobalSection
	GlobalSection(ProjectConfigurationPlatforms) = postSolution
		{F680294D-969F-4C5B-AE5B-209010E52887}.Debug|Any CPU.ActiveCfg = Debug|Any CPU
		{F680294D-969F-4C5B-AE5B-209010E52887}.Debug|Any CPU.Build.0 = Debug|Any CPU
		{F680294D-969F-4C5B-AE5B-209010E52887}.Release|Any CPU.ActiveCfg = Release|Any CPU
		{F680294D-969F-4C5B-AE5B-209010E52887}.Release|Any CPU.Build.0 = Release|Any CPU
	EndGlobalSection
	GlobalSection(SolutionProperties) = preSolution
		HideSolutionNode = FALSE
	EndGlobalSection
	GlobalSection(ExtensibilityGlobals) = postSolution
		SolutionGuid = {AF7E7EC9-20B5-4465-8C23-4A0D840CAE77}
	EndGlobalSection
EndGlobal
